{
  "version": "1.0.0",
  "lockfileVersion": 2,
  "workspaces": {
    "": {
      "name": "trifitla",
      "dependencies": {
        "@stacksjs/dtsx": "^0.11.5",
        "bun-plugin-dtsx": "^0.11.5",
        "pickier": "^0.1.56",
        "stacks": "^0.70.380",
        "ts-pantry": "^0.11.26"
      },
      "devDependencies": {
        "better-dx": "^0.2.22"
      },
      "system": {
        "bun.sh": "1.3.14",
        "git-scm.org": "^2.47.0",
        "sqlite.org": "^3.47.2"
      }
    },
    "storage/framework": {
      "name": "stacks-framework",
      "version": "0.70.359"
    },
    "storage/framework/libs/functions": {
      "name": "hello-world-fx",
      "version": "0.70.359",
      "devDependencies": {
        "stacks": "^0.70.358"
      }
    }
  },
  "packages": {
    "@stacksjs/dtsx@0.11.5": {
      "name": "@stacksjs/dtsx",
      "version": "0.11.5",
      "source": "npm",
      "resolved": "https://registry.npmjs.org/@stacksjs/dtsx/-/dtsx-0.11.5.tgz",
      "integrity": "sha512-BW8+/zkpK7uA6vMnKUMs2uvHJeiau/HTz8bDJb5ecdAltdn6w0hb+U6lCwdc3zypp1Q1m/10Cay9rrMn/D4e1A==",
      "dependencies": {
        "@stacksjs/clapp": "^0.2.0"
      },
      "bin": {
        "dtsx": "./dist/bin/cli.js"
      }
    },
    "better-dx@0.2.25": {
      "name": "better-dx",
      "version": "0.2.25",
      "source": "npm",
      "resolved": "https://registry.npmjs.org/better-dx/-/better-dx-0.2.25.tgz",
      "integrity": "sha512-7GQ3EDXDwdZbpzwqWrOC2kzKkfw2Ptd30Bl1VlLS1SV82MvU5VIYXtGsRcJ5+6M17n9hQwGuT2TGEZEaWgZQaw==",
      "dependencies": {
        "@stacksjs/bumpx": "^0.2.14",
        "@stacksjs/bunpress": "^0.2.8",
        "@stacksjs/clapp": "^0.2.12",
        "@stacksjs/clarity": "^0.3.31",
        "@stacksjs/gitlint": "^0.1.7",
        "@stacksjs/logsmith": "^0.2.6",
        "@types/bun": "^1.3.14",
        "buddy-bot": "^0.10.5",
        "bun-git-hooks": "^0.3.2",
        "bun-plugin-dtsx": "^0.11.1",
        "bunfig": "^0.15.15",
        "pickier": "^0.1.40",
        "ts-error-handling": "^0.1.3",
        "typescript": "^7.0.2"
      }
    },
    "bun-plugin-dtsx@0.11.5": {
      "name": "bun-plugin-dtsx",
      "version": "0.11.5",
      "source": "npm",
      "resolved": "https://registry.npmjs.org/bun-plugin-dtsx/-/bun-plugin-dtsx-0.11.5.tgz",
      "integrity": "sha512-dva7CrHthEYAmnEQu8m0yvaP0joNS3zQQC4TSt7CS/dlEfUYVYU5jTqAB+Iseew4H2HceD5cy57XzpdpG7g9IA==",
      "dependencies": {
        "@stacksjs/dtsx": "0.11.5"
      }
    },
    "bun.sh@1.3.14": {
      "name": "bun.sh",
      "version": "1.3.14",
      "source": "pantry",
      "resolved": "registry:bun.sh@1.3.14"
    },
    "curl.se/ca-certs@2026.3.19": {
      "name": "curl.se/ca-certs",
      "version": "2026.3.19",
      "source": "pantry",
      "resolved": "registry:curl.se/ca-certs@2026.3.19"
    },
    "curl.se@8.17.0": {
      "name": "curl.se",
      "version": "8.17.0",
      "source": "pantry",
      "resolved": "registry:curl.se@8.17.0"
    },
    "git-scm.org@2.53.0": {
      "name": "git-scm.org",
      "version": "2.53.0",
      "source": "pantry",
      "resolved": "registry:git-scm.org@2.53.0"
    },
    "gnu.org/readline@8.3.0": {
      "name": "gnu.org/readline",
      "version": "8.3.0",
      "source": "pantry",
      "resolved": "registry:gnu.org/readline@8.3.0"
    },
    "invisible-island.net/ncurses@6.6.0": {
      "name": "invisible-island.net/ncurses",
      "version": "6.6.0",
      "source": "pantry",
      "resolved": "registry:invisible-island.net/ncurses@6.6.0"
    },
    "libexpat.github.io@2.7.5": {
      "name": "libexpat.github.io",
      "version": "2.7.5",
      "source": "pantry",
      "resolved": "registry:libexpat.github.io@2.7.5"
    },
    "nghttp2.org@1.68.1": {
      "name": "nghttp2.org",
      "version": "1.68.1",
      "source": "pantry",
      "resolved": "registry:nghttp2.org@1.68.1"
    },
    "openssl.org@3.6.1": {
      "name": "openssl.org",
      "version": "3.6.1",
      "source": "pantry",
      "resolved": "registry:openssl.org@3.6.1"
    },
    "perl.org@5.42.1": {
      "name": "perl.org",
      "version": "5.42.1",
      "source": "pantry",
      "resolved": "registry:perl.org@5.42.1"
    },
    "pickier@0.1.62": {
      "name": "pickier",
      "version": "0.1.62",
      "source": "npm",
      "resolved": "https://registry.npmjs.org/pickier/-/pickier-0.1.62.tgz",
      "integrity": "sha512-QgFE7mUXjFsR0c2n5j2vhJjO7GxUZuIE7DjFAB7V3GIdKoTbp22Z9rfqKV8v6fugmV59eOfY+CtTV53zfnYFCw==",
      "dependencies": {
        "@stacksjs/clapp": "^0.2.3",
        "@stacksjs/clarity": "^0.3.24"
      },
      "bin": {
        "pickier": "./dist/bin/cli.js"
      }
    },
    "sqlite.org@3.53.4": {
      "name": "sqlite.org",
      "version": "3.53.4",
      "source": "pantry",
      "resolved": "registry:sqlite.org@3.53.4"
    },
    "stacks@0.70.380": {
      "name": "stacks",
      "version": "0.70.380",
      "source": "npm",
      "resolved": "https://registry.npmjs.org/stacks/-/stacks-0.70.380.tgz",
      "integrity": "sha512-IqNuNOBABtMkRd8VZM5Oe8JZmO/Qj8dh70jVuUUahz85+nsUXceoff9+rsNNGK95reCyiRiUpHn15rnsz4swUA==",
      "dependencies": {
        "@stacksjs/actions": "^0.70.380",
        "@stacksjs/ai": "^0.70.380",
        "@stacksjs/alias": "^0.70.380",
        "@stacksjs/analytics": "^0.70.380",
        "@stacksjs/api": "^0.70.380",
        "@stacksjs/arrays": "^0.70.380",
        "@stacksjs/audio": "^0.70.380",
        "@stacksjs/auth": "^0.70.380",
        "@stacksjs/browser": "^0.70.380",
        "@stacksjs/browser-extension": "^0.70.380",
        "@stacksjs/buddy": "^0.70.380",
        "@stacksjs/build": "^0.70.380",
        "@stacksjs/cache": "^0.70.380",
        "@stacksjs/calendar-api": "^0.70.380",
        "@stacksjs/charts": "^0.70.380",
        "@stacksjs/chat": "^0.70.380",
        "@stacksjs/cli": "^0.70.380",
        "@stacksjs/cloud": "^0.70.380",
        "@stacksjs/cms": "^0.70.380",
        "@stacksjs/collections": "^0.70.380",
        "@stacksjs/commerce": "^0.70.380",
        "@stacksjs/composables": "^0.70.380",
        "@stacksjs/config": "^0.70.380",
        "@stacksjs/cron": "^0.70.380",
        "@stacksjs/database": "^0.70.380",
        "@stacksjs/datetime": "^0.70.380",
        "@stacksjs/defaults": "^0.70.380",
        "@stacksjs/desktop": "^0.70.232",
        "@stacksjs/dns": "^0.70.380",
        "@stacksjs/docs": "^0.70.380",
        "@stacksjs/email": "^0.70.380",
        "@stacksjs/enums": "^0.70.380",
        "@stacksjs/env": "^0.70.380",
        "@stacksjs/error-handling": "^0.70.380",
        "@stacksjs/events": "^0.70.380",
        "@stacksjs/faker": "^0.70.380",
        "@stacksjs/feature-flags": "^0.70.380",
        "@stacksjs/git": "^0.70.380",
        "@stacksjs/github": "^0.70.380",
        "@stacksjs/health": "^0.70.380",
        "@stacksjs/http": "^0.70.380",
        "@stacksjs/i18n": "^0.70.380",
        "@stacksjs/image": "^0.70.380",
        "@stacksjs/lint": "^0.70.380",
        "@stacksjs/logging": "^0.70.380",
        "@stacksjs/mobile": "^0.70.380",
        "@stacksjs/newsletter": "^0.70.380",
        "@stacksjs/notifications": "^0.70.380",
        "@stacksjs/objects": "^0.70.380",
        "@stacksjs/orm": "^0.70.380",
        "@stacksjs/path": "^0.70.380",
        "@stacksjs/payments": "^0.70.380",
        "@stacksjs/push": "^0.70.380",
        "@stacksjs/query-builder": "^0.70.380",
        "@stacksjs/queue": "^0.70.380",
        "@stacksjs/realtime": "^0.70.380",
        "@stacksjs/registry": "^0.70.380",
        "@stacksjs/repl": "^0.70.380",
        "@stacksjs/router": "^0.70.380",
        "@stacksjs/scheduler": "^0.70.380",
        "@stacksjs/search-engine": "^0.70.380",
        "@stacksjs/security": "^0.70.380",
        "@stacksjs/server": "^0.70.380",
        "@stacksjs/shell": "^0.70.380",
        "@stacksjs/skills": "^0.70.380",
        "@stacksjs/slug": "^0.70.380",
        "@stacksjs/sms": "^0.70.380",
        "@stacksjs/socials": "^0.70.380",
        "@stacksjs/storage": "^0.70.380",
        "@stacksjs/strings": "^0.70.380",
        "@stacksjs/testing": "^0.70.380",
        "@stacksjs/tinker": "^0.70.380",
        "@stacksjs/tlsx": "^0.13.0",
        "@stacksjs/ts-cloud": "^0.7.103",
        "@stacksjs/tunnel": "^0.70.380",
        "@stacksjs/types": "^0.70.380",
        "@stacksjs/ui": "^0.70.380",
        "@stacksjs/utils": "^0.70.380",
        "@stacksjs/validation": "^0.70.380",
        "@stacksjs/video": "^0.70.380",
        "@stacksjs/whois": "^0.70.380",
        "better-dx": "^0.2.17",
        "bun-query-builder": "^0.2.28"
      }
    },
    "ts-pantry@0.11.38": {
      "name": "ts-pantry",
      "version": "0.11.38",
      "source": "npm",
      "resolved": "https://registry.npmjs.org/ts-pantry/-/ts-pantry-0.11.38.tgz",
      "integrity": "sha512-luMKdrFQ4UeAdm/iyIx84K/mbyyKZ0uzcA4bG6IZRK71yOlwJTQlIPBumKOF6UX5FmcYxCbfRmll8YoLe5ASfw==",
      "bin": {
        "ts-pantry": "./dist/bin/cli.js"
      }
    },
    "zlib.net@1.3.2": {
      "name": "zlib.net",
      "version": "1.3.2",
      "source": "pantry",
      "resolved": "registry:zlib.net@1.3.2"
    }
  }
}
